
Microsoft Visual Studio Solution File, Format Version 12.00
# Visual Studio Version 17
VisualStudioVersion = 17.2.32630.192
MinimumVisualStudioVersion = 10.0.40219.1
Project("{FAE04EC0-301F-11D3-BF4B-00C04F79EFBC}") = "MediaPlayerV2.0", "MediaPlayerV2.0\MediaPlayerV2.0.csproj", "{A5523B4C-04B4-47F0-A824-8BE1D4AA15EF}"
EndProject
Global
	GlobalSection(SolutionConfigurationPlatforms) = preSolution
		Debug|Any CPU = Debug|Any CPU
		Release|Any CPU = Release|Any CPU
	EndGlobalSection
	GlobalSection(ProjectConfigurationPlatforms) = postSolution
		{A5523B4C-04B4-47F0-A824-8BE1D4AA15EF}.Debug|Any CPU.ActiveCfg = Debug|Any CPU
		{A5523B4C-04B4-47F0-A824-8BE1D4AA15EF}.Debug|Any CPU.Build.0 = Debug|Any CPU
		{A5523B4C-04B4-47F0-A824-8BE1D4AA15EF}.Release|Any CPU.ActiveCfg = Release|Any CPU
		{A5523B4C-04B4-47F0-A824-8BE1D4AA15EF}.Release|Any CPU.Build.0 = Release|Any CPU
	EndGlobalSection
	GlobalSection(SolutionProperties) = preSolution
		HideSolutionNode = FALSE
	EndGlobalSection
	GlobalSection(ExtensibilityGlobals) = postSolution
		SolutionGuid = {5767B397-13F2-4BBA-B3CC-8F2DA24707CB}
	EndGlobalSection
EndGlobal
